
Microsoft Visual Studio Solution File, Format Version 12.00
# Visual Studio Version 17
VisualStudioVersion = 17.11.35303.130
MinimumVisualStudioVersion = 10.0.40219.1
Project("{9A19103F-16F7-4668-BE54-9A1E7A4F7556}") = "todoit.ui", "src\todoit.ui\todoit.ui.csproj", "{09EC29B4-42EE-4ECA-9825-2741CBE25BE8}"
EndProject
Global
	GlobalSection(SolutionConfigurationPlatforms) = preSolution
		Debug|Any CPU = Debug|Any CPU
		Release|Any CPU = Release|Any CPU
	EndGlobalSection
	GlobalSection(ProjectConfigurationPlatforms) = postSolution
		{09EC29B4-42EE-4ECA-9825-2741CBE25BE8}.Debug|Any CPU.ActiveCfg = Debug|Any CPU
		{09EC29B4-42EE-4ECA-9825-2741CBE25BE8}.Debug|Any CPU.Build.0 = Debug|Any CPU
		{09EC29B4-42EE-4ECA-9825-2741CBE25BE8}.Release|Any CPU.ActiveCfg = Release|Any CPU
		{09EC29B4-42EE-4ECA-9825-2741CBE25BE8}.Release|Any CPU.Build.0 = Release|Any CPU
	EndGlobalSection
	GlobalSection(SolutionProperties) = preSolution
		HideSolutionNode = FALSE
	EndGlobalSection
	GlobalSection(ExtensibilityGlobals) = postSolution
		SolutionGuid = {F01AC112-DFE9-486F-8C97-8ABB7990664A}
	EndGlobalSection
EndGlobal
